# Resolved from the authoritative PyPI index on 2026-08-11 for Python 3.14/Linux x86_64.
# Install only into the untracked Slice 6 virtual environment.
aiofiles==25.1.0
aiohappyeyeballs==2.7.1
aiohttp==3.14.3
aiosignal==1.4.0
annotated-doc==0.0.5
annotated-types==0.8.0
anyio==4.14.2
attrs==26.1.0
click==8.4.2
fastapi==0.141.1
frozenlist==1.8.0
h11==0.16.0
idna==3.18
livekit==1.1.14
livekit-api==1.2.0
livekit-protocol==1.1.22
multidict==6.7.1
numpy==2.5.2
propcache==0.5.2
protobuf==7.35.1
pydantic==2.13.4
pydantic_core==2.46.4
PyJWT==2.13.0
starlette==1.6.0
types-protobuf==7.34.1.20260518
typing_extensions==4.16.0
typing-inspection==0.4.3
uvicorn==0.52.1
yarl==1.24.5
